{
  "name": "sun-tracker-js",
  "version": "1.0.1",
  "lockfileVersion": 3,
  "requires": true,
  "packages": {
    "": {
      "name": "sun-tracker-js",
      "version": "1.0.1",
      "license": "MIT",
      "dependencies": {
        "suncalc": "^1.9.0"
      },
      "devDependencies": {
        "@types/suncalc": "^1.9.0",
        "typescript": "^5.2.2"
      }
    },
    "node_modules/@types/suncalc": {
      "version": "1.9.2",
      "resolved": "https://registry.npmjs.org/@types/suncalc/-/suncalc-1.9.2.tgz",
      "integrity": "sha512-ATAGBHHfA1TlE2tjfidLyTcysjoT2JHHEAmWRULh73SU9UTn++j5fqHEW16X6Y/2Li87jEQXzgu4R/OOdlDqzw==",
      "dev": true,
      "license": "MIT"
    },
    "node_modules/suncalc": {
      "version": "1.9.0",
      "resolved": "https://registry.npmjs.org/suncalc/-/suncalc-1.9.0.tgz",
      "integrity": "sha512-vMJ8Byp1uIPoj+wb9c1AdK4jpkSKVAywgHX0lqY7zt6+EWRRC3Z+0Ucfjy/0yxTVO1hwwchZe4uoFNqrIC24+A=="
    },
    "node_modules/typescript": {
      "version": "5.7.2",
      "resolved": "https://registry.npmjs.org/typescript/-/typescript-5.7.2.tgz",
      "integrity": "sha512-i5t66RHxDvVN40HfDd1PsEThGNnlMCMT3jMUuoh9/0TaqWevNontacunWyN02LA9/fIbEWlcHZcgTKb9QoaLfg==",
      "dev": true,
      "license": "Apache-2.0",
      "bin": {
        "tsc": "bin/tsc",
        "tsserver": "bin/tsserver"
      },
      "engines": {
        "node": ">=14.17"
      }
    }
  }
}
